
Microsoft Visual Studio Solution File, Format Version 12.00
# Visual Studio Version 16
VisualStudioVersion = 16.0.30413.136
MinimumVisualStudioVersion = 10.0.40219.1
Project("{FAE04EC0-301F-11D3-BF4B-00C04F79EFBC}") = "OOP", "OOP\OOP.csproj", "{0F0EA04F-6029-40E3-B212-3025E88839D7}"
EndProject
Project("{FAE04EC0-301F-11D3-BF4B-00C04F79EFBC}") = "Library.Contracts", "Library.Contracts\Library.Contracts.csproj", "{032A2621-FC28-4E30-81E0-49007C378FB6}"
EndProject
Project("{FAE04EC0-301F-11D3-BF4B-00C04F79EFBC}") = "Library.Models", "Library.Models\Library.Models.csproj", "{CD7F679B-ABEF-4767-87AC-63D07B128296}"
EndProject
Project("{FAE04EC0-301F-11D3-BF4B-00C04F79EFBC}") = "Library.Helpers", "Library.Helpers\Library.Helpers.csproj", "{6558CC10-2F5F-49D9-B2E2-803491FA31DA}"
EndProject
Global
	GlobalSection(SolutionConfigurationPlatforms) = preSolution
		Debug|Any CPU = Debug|Any CPU
		Release|Any CPU = Release|Any CPU
	EndGlobalSection
	GlobalSection(ProjectConfigurationPlatforms) = postSolution
		{0F0EA04F-6029-40E3-B212-3025E88839D7}.Debug|Any CPU.ActiveCfg = Debug|Any CPU
		{0F0EA04F-6029-40E3-B212-3025E88839D7}.Debug|Any CPU.Build.0 = Debug|Any CPU
		{0F0EA04F-6029-40E3-B212-3025E88839D7}.Release|Any CPU.ActiveCfg = Release|Any CPU
		{0F0EA04F-6029-40E3-B212-3025E88839D7}.Release|Any CPU.Build.0 = Release|Any CPU
		{032A2621-FC28-4E30-81E0-49007C378FB6}.Debug|Any CPU.ActiveCfg = Debug|Any CPU
		{032A2621-FC28-4E30-81E0-49007C378FB6}.Debug|Any CPU.Build.0 = Debug|Any CPU
		{032A2621-FC28-4E30-81E0-49007C378FB6}.Release|Any CPU.ActiveCfg = Release|Any CPU
		{032A2621-FC28-4E30-81E0-49007C378FB6}.Release|Any CPU.Build.0 = Release|Any CPU
		{CD7F679B-ABEF-4767-87AC-63D07B128296}.Debug|Any CPU.ActiveCfg = Debug|Any CPU
		{CD7F679B-ABEF-4767-87AC-63D07B128296}.Debug|Any CPU.Build.0 = Debug|Any CPU
		{CD7F679B-ABEF-4767-87AC-63D07B128296}.Release|Any CPU.ActiveCfg = Release|Any CPU
		{CD7F679B-ABEF-4767-87AC-63D07B128296}.Release|Any CPU.Build.0 = Release|Any CPU
		{6558CC10-2F5F-49D9-B2E2-803491FA31DA}.Debug|Any CPU.ActiveCfg = Debug|Any CPU
		{6558CC10-2F5F-49D9-B2E2-803491FA31DA}.Debug|Any CPU.Build.0 = Debug|Any CPU
		{6558CC10-2F5F-49D9-B2E2-803491FA31DA}.Release|Any CPU.ActiveCfg = Release|Any CPU
		{6558CC10-2F5F-49D9-B2E2-803491FA31DA}.Release|Any CPU.Build.0 = Release|Any CPU
	EndGlobalSection
	GlobalSection(SolutionProperties) = preSolution
		HideSolutionNode = FALSE
	EndGlobalSection
	GlobalSection(ExtensibilityGlobals) = postSolution
		SolutionGuid = {1EC2F88A-6DF9-42A9-9F9B-45E154F84401}
	EndGlobalSection
EndGlobal
